// !$*UTF8*$!
{
	archiveVersion = 1;
	classes = {
	};
	objectVersion = 52;
	objects = {

/* Begin PBXBuildFile section */
		0700A5E725A8C9B200EDB72B /* FollowerController.swift in Sources */ = {isa = PBXBuildFile; fileRef = 0700A5E625A8C9B200EDB72B /* FollowerController.swift */; };
		07021BDF25A99024002DF62E /* MyFeedRowController.swift in Sources */ = {isa = PBXBuildFile; fileRef = 07021BDE25A99024002DF62E /* MyFeedRowController.swift */; };
		07105719259C55C300EC2B6E /* AuthenticationViewController.swift in Sources */ = {isa = PBXBuildFile; fileRef = 07105717259C55C300EC2B6E /* AuthenticationViewController.swift */; };
		0710571A259C55C300EC2B6E /* AuthenticationViewController.xib in Resources */ = {isa = PBXBuildFile; fileRef = 07105718259C55C300EC2B6E /* AuthenticationViewController.xib */; };
		0710571F259C5E1B00EC2B6E /* Swiftagram in Frameworks */ = {isa = PBXBuildFile; productRef = 0710571E259C5E1B00EC2B6E /* Swiftagram */; };
		07105721259C5E1B00EC2B6E /* SwiftagramCrypto in Frameworks */ = {isa = PBXBuildFile; productRef = 07105720259C5E1B00EC2B6E /* SwiftagramCrypto */; };
		0743720E25A4EC97008B4727 /* FollowRowController.swift in Sources */ = {isa = PBXBuildFile; fileRef = 0743720D25A4EC97008B4727 /* FollowRowController.swift */; };
		0759825825BB50AE0076639A /* Assets.xcassets in Resources */ = {isa = PBXBuildFile; fileRef = 07955012259BA2EE001CFAB9 /* Assets.xcassets */; };
		0759826325BB50B00076639A /* Assets.xcassets in Resources */ = {isa = PBXBuildFile; fileRef = 07955012259BA2EE001CFAB9 /* Assets.xcassets */; };
		07954FFA259BA2E7001CFAB9 /* AppDelegate.swift in Sources */ = {isa = PBXBuildFile; fileRef = 07954FF9259BA2E7001CFAB9 /* AppDelegate.swift */; };
		07954FFC259BA2E7001CFAB9 /* SceneDelegate.swift in Sources */ = {isa = PBXBuildFile; fileRef = 07954FFB259BA2E7001CFAB9 /* SceneDelegate.swift */; };
		07954FFE259BA2E7001CFAB9 /* ViewController.swift in Sources */ = {isa = PBXBuildFile; fileRef = 07954FFD259BA2E7001CFAB9 /* ViewController.swift */; };
		07955001259BA2E7001CFAB9 /* Main.storyboard in Resources */ = {isa = PBXBuildFile; fileRef = 07954FFF259BA2E7001CFAB9 /* Main.storyboard */; };
		07955003259BA2EC001CFAB9 /* Assets.xcassets in Resources */ = {isa = PBXBuildFile; fileRef = 07955002259BA2EC001CFAB9 /* Assets.xcassets */; };
		07955006259BA2EC001CFAB9 /* LaunchScreen.storyboard in Resources */ = {isa = PBXBuildFile; fileRef = 07955004259BA2EC001CFAB9 /* LaunchScreen.storyboard */; };
		0795500B259BA2EC001CFAB9 /* InstaFeed WatchKit App.app in Embed Watch Content */ = {isa = PBXBuildFile; fileRef = 0795500A259BA2EC001CFAB9 /* InstaFeed WatchKit App.app */; settings = {ATTRIBUTES = (RemoveHeadersOnCopy, ); }; };
		07955011259BA2EC001CFAB9 /* Interface.storyboard in Resources */ = {isa = PBXBuildFile; fileRef = 0795500F259BA2EC001CFAB9 /* Interface.storyboard */; };
		07955013259BA2EE001CFAB9 /* Assets.xcassets in Resources */ = {isa = PBXBuildFile; fileRef = 07955012259BA2EE001CFAB9 /* Assets.xcassets */; };
		0795501A259BA2EE001CFAB9 /* InstaFeed WatchKit Extension.appex in Embed App Extensions */ = {isa = PBXBuildFile; fileRef = 07955019259BA2EE001CFAB9 /* InstaFeed WatchKit Extension.appex */; settings = {ATTRIBUTES = (RemoveHeadersOnCopy, ); }; };
		0795501F259BA2EE001CFAB9 /* InterfaceController.swift in Sources */ = {isa = PBXBuildFile; fileRef = 0795501E259BA2EE001CFAB9 /* InterfaceController.swift */; };
		07955021259BA2EE001CFAB9 /* ExtensionDelegate.swift in Sources */ = {isa = PBXBuildFile; fileRef = 07955020259BA2EE001CFAB9 /* ExtensionDelegate.swift */; };
		07955023259BA2EE001CFAB9 /* ComplicationController.swift in Sources */ = {isa = PBXBuildFile; fileRef = 07955022259BA2EE001CFAB9 /* ComplicationController.swift */; };
		07955025259BA2F1001CFAB9 /* Assets.xcassets in Resources */ = {isa = PBXBuildFile; fileRef = 07955024259BA2F1001CFAB9 /* Assets.xcassets */; };
		07955039259BA3F2001CFAB9 /* SwiftagramCrypto in Frameworks */ = {isa = PBXBuildFile; productRef = 07955038259BA3F2001CFAB9 /* SwiftagramCrypto */; };
		0795503B259BA3F2001CFAB9 /* Swiftagram in Frameworks */ = {isa = PBXBuildFile; productRef = 0795503A259BA3F2001CFAB9 /* Swiftagram */; };
		07B4F50F25BB5BEE00ACE721 /* NoDataInterfaceController.swift in Sources */ = {isa = PBXBuildFile; fileRef = 07B4F50E25BB5BEE00ACE721 /* NoDataInterfaceController.swift */; };
		07B4F51525BC052300ACE721 /* MyProfileInterfaceController.swift in Sources */ = {isa = PBXBuildFile; fileRef = 07B4F51425BC052300ACE721 /* MyProfileInterfaceController.swift */; };
		19BDA801C4E8AEC381B6587E /* Pods_InstaFeed_WatchKit_App.framework in Frameworks */ = {isa = PBXBuildFile; fileRef = 062F18C6F4BA3A9BE907A3B2 /* Pods_InstaFeed_WatchKit_App.framework */; };
		76770F36F4B0AD25CB5C9814 /* Pods_InstaFeed_WatchKit_Extension.framework in Frameworks */ = {isa = PBXBuildFile; fileRef = 4B13F9A3FC9FB6D33AC6BF14 /* Pods_InstaFeed_WatchKit_Extension.framework */; };
		7F405F7E2E36E0E42EF98081 /* Pods_InstaFeed.framework in Frameworks */ = {isa = PBXBuildFile; fileRef = B33A7176F23C03397D4542D0 /* Pods_InstaFeed.framework */; };
/* End PBXBuildFile section */

/* Begin PBXContainerItemProxy section */
		0795500C259BA2EC001CFAB9 /* PBXContainerItemProxy */ = {
			isa = PBXContainerItemProxy;
			containerPortal = 07954FEE259BA2E7001CFAB9 /* Project object */;
			proxyType = 1;
			remoteGlobalIDString = 07955009259BA2EC001CFAB9;
			remoteInfo = "InstaFeed WatchKit App";
		};
		0795501B259BA2EE001CFAB9 /* PBXContainerItemProxy */ = {
			isa = PBXContainerItemProxy;
			containerPortal = 07954FEE259BA2E7001CFAB9 /* Project object */;
			proxyType = 1;
			remoteGlobalIDString = 07955018259BA2EE001CFAB9;
			remoteInfo = "InstaFeed WatchKit Extension";
		};
/* End PBXContainerItemProxy section */

/* Begin PBXCopyFilesBuildPhase section */
		0795502C259BA2F1001CFAB9 /* Embed App Extensions */ = {
			isa = PBXCopyFilesBuildPhase;
			buildActionMask = 2147483647;
			dstPath = "";
			dstSubfolderSpec = 13;
			files = (
				0795501A259BA2EE001CFAB9 /* InstaFeed WatchKit Extension.appex in Embed App Extensions */,
			);
			name = "Embed App Extensions";
			runOnlyForDeploymentPostprocessing = 0;
		};
		07955030259BA2F1001CFAB9 /* Embed Watch Content */ = {
			isa = PBXCopyFilesBuildPhase;
			buildActionMask = 2147483647;
			dstPath = "$(CONTENTS_FOLDER_PATH)/Watch";
			dstSubfolderSpec = 16;
			files = (
				0795500B259BA2EC001CFAB9 /* InstaFeed WatchKit App.app in Embed Watch Content */,
			);
			name = "Embed Watch Content";
			runOnlyForDeploymentPostprocessing = 0;
		};
/* End PBXCopyFilesBuildPhase section */

/* Begin PBXFileReference section */
		007A7DE97CA12F17C5410D74 /* Pods-InstaFeed WatchKit Extension.release.xcconfig */ = {isa = PBXFileReference; includeInIndex = 1; lastKnownFileType = text.xcconfig; name = "Pods-InstaFeed WatchKit Extension.release.xcconfig"; path = "Target Support Files/Pods-InstaFeed WatchKit Extension/Pods-InstaFeed WatchKit Extension.release.xcconfig"; sourceTree = "<group>"; };
		062F18C6F4BA3A9BE907A3B2 /* Pods_InstaFeed_WatchKit_App.framework */ = {isa = PBXFileReference; explicitFileType = wrapper.framework; includeInIndex = 0; path = Pods_InstaFeed_WatchKit_App.framework; sourceTree = BUILT_PRODUCTS_DIR; };
		0700A5E625A8C9B200EDB72B /* FollowerController.swift */ = {isa = PBXFileReference; lastKnownFileType = sourcecode.swift; path = FollowerController.swift; sourceTree = "<group>"; };
		07021BDE25A99024002DF62E /* MyFeedRowController.swift */ = {isa = PBXFileReference; lastKnownFileType = sourcecode.swift; path = MyFeedRowController.swift; sourceTree = "<group>"; };
		07105717259C55C300EC2B6E /* AuthenticationViewController.swift */ = {isa = PBXFileReference; lastKnownFileType = sourcecode.swift; path = AuthenticationViewController.swift; sourceTree = "<group>"; };
		07105718259C55C300EC2B6E /* AuthenticationViewController.xib */ = {isa = PBXFileReference; lastKnownFileType = file.xib; path = AuthenticationViewController.xib; sourceTree = "<group>"; };
		0743720D25A4EC97008B4727 /* FollowRowController.swift */ = {isa = PBXFileReference; fileEncoding = 4; lastKnownFileType = sourcecode.swift; path = FollowRowController.swift; sourceTree = "<group>"; };
		07954FF6259BA2E7001CFAB9 /* InstaFeed.app */ = {isa = PBXFileReference; explicitFileType = wrapper.application; includeInIndex = 0; path = InstaFeed.app; sourceTree = BUILT_PRODUCTS_DIR; };
		07954FF9259BA2E7001CFAB9 /* AppDelegate.swift */ = {isa = PBXFileReference; lastKnownFileType = sourcecode.swift; path = AppDelegate.swift; sourceTree = "<group>"; };
		07954FFB259BA2E7001CFAB9 /* SceneDelegate.swift */ = {isa = PBXFileReference; lastKnownFileType = sourcecode.swift; path = SceneDelegate.swift; sourceTree = "<group>"; };
		07954FFD259BA2E7001CFAB9 /* ViewController.swift */ = {isa = PBXFileReference; lastKnownFileType = sourcecode.swift; path = ViewController.swift; sourceTree = "<group>"; };
		07955000259BA2E7001CFAB9 /* Base */ = {isa = PBXFileReference; lastKnownFileType = file.storyboard; name = Base; path = Base.lproj/Main.storyboard; sourceTree = "<group>"; };
		07955002259BA2EC001CFAB9 /* Assets.xcassets */ = {isa = PBXFileReference; lastKnownFileType = folder.assetcatalog; path = Assets.xcassets; sourceTree = "<group>"; };
		07955005259BA2EC001CFAB9 /* Base */ = {isa = PBXFileReference; lastKnownFileType = file.storyboard; name = Base; path = Base.lproj/LaunchScreen.storyboard; sourceTree = "<group>"; };
		07955007259BA2EC001CFAB9 /* Info.plist */ = {isa = PBXFileReference; lastKnownFileType = text.plist.xml; path = Info.plist; sourceTree = "<group>"; };
		0795500A259BA2EC001CFAB9 /* InstaFeed WatchKit App.app */ = {isa = PBXFileReference; explicitFileType = wrapper.application; includeInIndex = 0; path = "InstaFeed WatchKit App.app"; sourceTree = BUILT_PRODUCTS_DIR; };
		07955010259BA2EC001CFAB9 /* Base */ = {isa = PBXFileReference; lastKnownFileType = file.storyboard; name = Base; path = Base.lproj/Interface.storyboard; sourceTree = "<group>"; };
		07955012259BA2EE001CFAB9 /* Assets.xcassets */ = {isa = PBXFileReference; lastKnownFileType = folder.assetcatalog; path = Assets.xcassets; sourceTree = "<group>"; };
		07955014259BA2EE001CFAB9 /* Info.plist */ = {isa = PBXFileReference; lastKnownFileType = text.plist.xml; path = Info.plist; sourceTree = "<group>"; };
		07955019259BA2EE001CFAB9 /* InstaFeed WatchKit Extension.appex */ = {isa = PBXFileReference; explicitFileType = "wrapper.app-extension"; includeInIndex = 0; path = "InstaFeed WatchKit Extension.appex"; sourceTree = BUILT_PRODUCTS_DIR; };
		0795501E259BA2EE001CFAB9 /* InterfaceController.swift */ = {isa = PBXFileReference; lastKnownFileType = sourcecode.swift; path = InterfaceController.swift; sourceTree = "<group>"; };
		07955020259BA2EE001CFAB9 /* ExtensionDelegate.swift */ = {isa = PBXFileReference; lastKnownFileType = sourcecode.swift; path = ExtensionDelegate.swift; sourceTree = "<group>"; };
		07955022259BA2EE001CFAB9 /* ComplicationController.swift */ = {isa = PBXFileReference; lastKnownFileType = sourcecode.swift; path = ComplicationController.swift; sourceTree = "<group>"; };
		07955024259BA2F1001CFAB9 /* Assets.xcassets */ = {isa = PBXFileReference; lastKnownFileType = folder.assetcatalog; path = Assets.xcassets; sourceTree = "<group>"; };
		07955026259BA2F1001CFAB9 /* Info.plist */ = {isa = PBXFileReference; lastKnownFileType = text.plist.xml; path = Info.plist; sourceTree = "<group>"; };
		0795503F259BAD6F001CFAB9 /* InstaFeed.entitlements */ = {isa = PBXFileReference; lastKnownFileType = text.plist.entitlements; path = InstaFeed.entitlements; sourceTree = "<group>"; };
		07955043259BAD8C001CFAB9 /* InstaFeed WatchKit Extension.entitlements */ = {isa = PBXFileReference; lastKnownFileType = text.plist.entitlements; path = "InstaFeed WatchKit Extension.entitlements"; sourceTree = "<group>"; };
		07B4F50E25BB5BEE00ACE721 /* NoDataInterfaceController.swift */ = {isa = PBXFileReference; lastKnownFileType = sourcecode.swift; path = NoDataInterfaceController.swift; sourceTree = "<group>"; };
		07B4F51425BC052300ACE721 /* MyProfileInterfaceController.swift */ = {isa = PBXFileReference; lastKnownFileType = sourcecode.swift; path = MyProfileInterfaceController.swift; sourceTree = "<group>"; };
		4B13F9A3FC9FB6D33AC6BF14 /* Pods_InstaFeed_WatchKit_Extension.framework */ = {isa = PBXFileReference; explicitFileType = wrapper.framework; includeInIndex = 0; path = Pods_InstaFeed_WatchKit_Extension.framework; sourceTree = BUILT_PRODUCTS_DIR; };
		9551EB2DD9998CBE6930EE4F /* Pods-InstaFeed WatchKit App.debug.xcconfig */ = {isa = PBXFileReference; includeInIndex = 1; lastKnownFileType = text.xcconfig; name = "Pods-InstaFeed WatchKit App.debug.xcconfig"; path = "Target Support Files/Pods-InstaFeed WatchKit App/Pods-InstaFeed WatchKit App.debug.xcconfig"; sourceTree = "<group>"; };
		9A8D2EFF0FD4903347FB5216 /* Pods-InstaFeed.debug.xcconfig */ = {isa = PBXFileReference; includeInIndex = 1; lastKnownFileType = text.xcconfig; name = "Pods-InstaFeed.debug.xcconfig"; path = "Target Support Files/Pods-InstaFeed/Pods-InstaFeed.debug.xcconfig"; sourceTree = "<group>"; };
		B33A7176F23C03397D4542D0 /* Pods_InstaFeed.framework */ = {isa = PBXFileReference; explicitFileType = wrapper.framework; includeInIndex = 0; path = Pods_InstaFeed.framework; sourceTree = BUILT_PRODUCTS_DIR; };
		D652A1EA837D1A9D02270C35 /* Pods-InstaFeed WatchKit App.release.xcconfig */ = {isa = PBXFileReference; includeInIndex = 1; lastKnownFileType = text.xcconfig; name = "Pods-InstaFeed WatchKit App.release.xcconfig"; path = "Target Support Files/Pods-InstaFeed WatchKit App/Pods-InstaFeed WatchKit App.release.xcconfig"; sourceTree = "<group>"; };
		F3C954E113D657DF8650F091 /* Pods-InstaFeed.release.xcconfig */ = {isa = PBXFileReference; includeInIndex = 1; lastKnownFileType = text.xcconfig; name = "Pods-InstaFeed.release.xcconfig"; path = "Target Support Files/Pods-InstaFeed/Pods-InstaFeed.release.xcconfig"; sourceTree = "<group>"; };
		F6694483325D9E78AFF0E2AB /* Pods-InstaFeed WatchKit Extension.debug.xcconfig */ = {isa = PBXFileReference; includeInIndex = 1; lastKnownFileType = text.xcconfig; name = "Pods-InstaFeed WatchKit Extension.debug.xcconfig"; path = "Target Support Files/Pods-InstaFeed WatchKit Extension/Pods-InstaFeed WatchKit Extension.debug.xcconfig"; sourceTree = "<group>"; };
/* End PBXFileReference section */

/* Begin PBXFrameworksBuildPhase section */
		07954FF3259BA2E7001CFAB9 /* Frameworks */ = {
			isa = PBXFrameworksBuildPhase;
			buildActionMask = 2147483647;
			files = (
				07955039259BA3F2001CFAB9 /* SwiftagramCrypto in Frameworks */,
				0795503B259BA3F2001CFAB9 /* Swiftagram in Frameworks */,
				7F405F7E2E36E0E42EF98081 /* Pods_InstaFeed.framework in Frameworks */,
			);
			runOnlyForDeploymentPostprocessing = 0;
		};
		07955016259BA2EE001CFAB9 /* Frameworks */ = {
			isa = PBXFrameworksBuildPhase;
			buildActionMask = 2147483647;
			files = (
				0710571F259C5E1B00EC2B6E /* Swiftagram in Frameworks */,
				07105721259C5E1B00EC2B6E /* SwiftagramCrypto in Frameworks */,
				76770F36F4B0AD25CB5C9814 /* Pods_InstaFeed_WatchKit_Extension.framework in Frameworks */,
			);
			runOnlyForDeploymentPostprocessing = 0;
		};
		AC8E544CD8F56D21C3B652C4 /* Frameworks */ = {
			isa = PBXFrameworksBuildPhase;
			buildActionMask = 2147483647;
			files = (
				19BDA801C4E8AEC381B6587E /* Pods_InstaFeed_WatchKit_App.framework in Frameworks */,
			);
			runOnlyForDeploymentPostprocessing = 0;
		};
/* End PBXFrameworksBuildPhase section */

/* Begin PBXGroup section */
		07021BE325A9902C002DF62E /* Row */ = {
			isa = PBXGroup;
			children = (
				0743720D25A4EC97008B4727 /* FollowRowController.swift */,
				07021BDE25A99024002DF62E /* MyFeedRowController.swift */,
			);
			path = Row;
			sourceTree = "<group>";
		};
		07954FED259BA2E7001CFAB9 = {
			isa = PBXGroup;
			children = (
				07954FF8259BA2E7001CFAB9 /* InstaFeed */,
				0795500E259BA2EC001CFAB9 /* InstaFeed WatchKit App */,
				0795501D259BA2EE001CFAB9 /* InstaFeed WatchKit Extension */,
				07954FF7259BA2E7001CFAB9 /* Products */,
				3E4AB8FE5407F7138406B39D /* Pods */,
				77EE20FD76772E49ABD4EAFA /* Frameworks */,
			);
			sourceTree = "<group>";
		};
		07954FF7259BA2E7001CFAB9 /* Products */ = {
			isa = PBXGroup;
			children = (
				07954FF6259BA2E7001CFAB9 /* InstaFeed.app */,
				0795500A259BA2EC001CFAB9 /* InstaFeed WatchKit App.app */,
				07955019259BA2EE001CFAB9 /* InstaFeed WatchKit Extension.appex */,
			);
			name = Products;
			sourceTree = "<group>";
		};
		07954FF8259BA2E7001CFAB9 /* InstaFeed */ = {
			isa = PBXGroup;
			children = (
				0795503F259BAD6F001CFAB9 /* InstaFeed.entitlements */,
				07954FF9259BA2E7001CFAB9 /* AppDelegate.swift */,
				07954FFB259BA2E7001CFAB9 /* SceneDelegate.swift */,
				07954FFD259BA2E7001CFAB9 /* ViewController.swift */,
				07105717259C55C300EC2B6E /* AuthenticationViewController.swift */,
				07105718259C55C300EC2B6E /* AuthenticationViewController.xib */,
				07954FFF259BA2E7001CFAB9 /* Main.storyboard */,
				07955002259BA2EC001CFAB9 /* Assets.xcassets */,
				07955004259BA2EC001CFAB9 /* LaunchScreen.storyboard */,
				07955007259BA2EC001CFAB9 /* Info.plist */,
			);
			path = InstaFeed;
			sourceTree = "<group>";
		};
		0795500E259BA2EC001CFAB9 /* InstaFeed WatchKit App */ = {
			isa = PBXGroup;
			children = (
				0795500F259BA2EC001CFAB9 /* Interface.storyboard */,
				07955012259BA2EE001CFAB9 /* Assets.xcassets */,
				07955014259BA2EE001CFAB9 /* Info.plist */,
			);
			path = "InstaFeed WatchKit App";
			sourceTree = "<group>";
		};
		0795501D259BA2EE001CFAB9 /* InstaFeed WatchKit Extension */ = {
			isa = PBXGroup;
			children = (
				07B4F51325BC04F900ACE721 /* ViewController */,
				07021BE325A9902C002DF62E /* Row */,
				07955043259BAD8C001CFAB9 /* InstaFeed WatchKit Extension.entitlements */,
				07955020259BA2EE001CFAB9 /* ExtensionDelegate.swift */,
				07955022259BA2EE001CFAB9 /* ComplicationController.swift */,
				07955024259BA2F1001CFAB9 /* Assets.xcassets */,
				07955026259BA2F1001CFAB9 /* Info.plist */,
			);
			path = "InstaFeed WatchKit Extension";
			sourceTree = "<group>";
		};
		07B4F51325BC04F900ACE721 /* ViewController */ = {
			isa = PBXGroup;
			children = (
				0795501E259BA2EE001CFAB9 /* InterfaceController.swift */,
				0700A5E625A8C9B200EDB72B /* FollowerController.swift */,
				07B4F50E25BB5BEE00ACE721 /* NoDataInterfaceController.swift */,
				07B4F51425BC052300ACE721 /* MyProfileInterfaceController.swift */,
			);
			path = ViewController;
			sourceTree = "<group>";
		};
		3E4AB8FE5407F7138406B39D /* Pods */ = {
			isa = PBXGroup;
			children = (
				9A8D2EFF0FD4903347FB5216 /* Pods-InstaFeed.debug.xcconfig */,
				F3C954E113D657DF8650F091 /* Pods-InstaFeed.release.xcconfig */,
				9551EB2DD9998CBE6930EE4F /* Pods-InstaFeed WatchKit App.debug.xcconfig */,
				D652A1EA837D1A9D02270C35 /* Pods-InstaFeed WatchKit App.release.xcconfig */,
				F6694483325D9E78AFF0E2AB /* Pods-InstaFeed WatchKit Extension.debug.xcconfig */,
				007A7DE97CA12F17C5410D74 /* Pods-InstaFeed WatchKit Extension.release.xcconfig */,
			);
			path = Pods;
			sourceTree = "<group>";
		};
		77EE20FD76772E49ABD4EAFA /* Frameworks */ = {
			isa = PBXGroup;
			children = (
				B33A7176F23C03397D4542D0 /* Pods_InstaFeed.framework */,
				062F18C6F4BA3A9BE907A3B2 /* Pods_InstaFeed_WatchKit_App.framework */,
				4B13F9A3FC9FB6D33AC6BF14 /* Pods_InstaFeed_WatchKit_Extension.framework */,
			);
			name = Frameworks;
			sourceTree = "<group>";
		};
/* End PBXGroup section */

/* Begin PBXNativeTarget section */
		07954FF5259BA2E7001CFAB9 /* InstaFeed */ = {
			isa = PBXNativeTarget;
			buildConfigurationList = 07955031259BA2F1001CFAB9 /* Build configuration list for PBXNativeTarget "InstaFeed" */;
			buildPhases = (
				D3C66E8038DAC3D45A660946 /* [CP] Check Pods Manifest.lock */,
				07954FF2259BA2E7001CFAB9 /* Sources */,
				07954FF3259BA2E7001CFAB9 /* Frameworks */,
				07954FF4259BA2E7001CFAB9 /* Resources */,
				07955030259BA2F1001CFAB9 /* Embed Watch Content */,
				AA08EEE6C41CCF1758784403 /* [CP] Embed Pods Frameworks */,
			);
			buildRules = (
			);
			dependencies = (
				0795500D259BA2EC001CFAB9 /* PBXTargetDependency */,
			);
			name = InstaFeed;
			packageProductDependencies = (
				07955038259BA3F2001CFAB9 /* SwiftagramCrypto */,
				0795503A259BA3F2001CFAB9 /* Swiftagram */,
			);
			productName = InstaFeed;
			productReference = 07954FF6259BA2E7001CFAB9 /* InstaFeed.app */;
			productType = "com.apple.product-type.application";
		};
		07955009259BA2EC001CFAB9 /* InstaFeed WatchKit App */ = {
			isa = PBXNativeTarget;
			buildConfigurationList = 0795502D259BA2F1001CFAB9 /* Build configuration list for PBXNativeTarget "InstaFeed WatchKit App" */;
			buildPhases = (
				47B086A79DEE90AD9DC8DA9E /* [CP] Check Pods Manifest.lock */,
				07955008259BA2EC001CFAB9 /* Resources */,
				0795502C259BA2F1001CFAB9 /* Embed App Extensions */,
				AC8E544CD8F56D21C3B652C4 /* Frameworks */,
			);
			buildRules = (
			);
			dependencies = (
				0795501C259BA2EE001CFAB9 /* PBXTargetDependency */,
			);
			name = "InstaFeed WatchKit App";
			productName = "InstaFeed WatchKit App";
			productReference = 0795500A259BA2EC001CFAB9 /* InstaFeed WatchKit App.app */;
			productType = "com.apple.product-type.application.watchapp2";
		};
		07955018259BA2EE001CFAB9 /* InstaFeed WatchKit Extension */ = {
			isa = PBXNativeTarget;
			buildConfigurationList = 07955029259BA2F1001CFAB9 /* Build configuration list for PBXNativeTarget "InstaFeed WatchKit Extension" */;
			buildPhases = (
				ED9584B2A9DE6BC6D512E959 /* [CP] Check Pods Manifest.lock */,
				07955015259BA2EE001CFAB9 /* Sources */,
				07955016259BA2EE001CFAB9 /* Frameworks */,
				07955017259BA2EE001CFAB9 /* Resources */,
				44BE34E7ABB359E001B43939 /* [CP] Embed Pods Frameworks */,
			);
			buildRules = (
			);
			dependencies = (
			);
			name = "InstaFeed WatchKit Extension";
			packageProductDependencies = (
				0710571E259C5E1B00EC2B6E /* Swiftagram */,
				07105720259C5E1B00EC2B6E /* SwiftagramCrypto */,
			);
			productName = "InstaFeed WatchKit Extension";
			productReference = 07955019259BA2EE001CFAB9 /* InstaFeed WatchKit Extension.appex */;
			productType = "com.apple.product-type.watchkit2-extension";
		};
/* End PBXNativeTarget section */

/* Begin PBXProject section */
		07954FEE259BA2E7001CFAB9 /* Project object */ = {
			isa = PBXProject;
			attributes = {
				LastSwiftUpdateCheck = 1220;
				LastUpgradeCheck = 1220;
				TargetAttributes = {
					07954FF5259BA2E7001CFAB9 = {
						CreatedOnToolsVersion = 12.2;
					};
					07955009259BA2EC001CFAB9 = {
						CreatedOnToolsVersion = 12.2;
					};
					07955018259BA2EE001CFAB9 = {
						CreatedOnToolsVersion = 12.2;
					};
				};
			};
			buildConfigurationList = 07954FF1259BA2E7001CFAB9 /* Build configuration list for PBXProject "InstaFeed" */;
			compatibilityVersion = "Xcode 9.3";
			developmentRegion = en;
			hasScannedForEncodings = 0;
			knownRegions = (
				en,
				Base,
			);
			mainGroup = 07954FED259BA2E7001CFAB9;
			packageReferences = (
				07955037259BA3F2001CFAB9 /* XCRemoteSwiftPackageReference "Swiftagram" */,
			);
			productRefGroup = 07954FF7259BA2E7001CFAB9 /* Products */;
			projectDirPath = "";
			projectRoot = "";
			targets = (
				07954FF5259BA2E7001CFAB9 /* InstaFeed */,
				07955009259BA2EC001CFAB9 /* InstaFeed WatchKit App */,
				07955018259BA2EE001CFAB9 /* InstaFeed WatchKit Extension */,
			);
		};
/* End PBXProject section */

/* Begin PBXResourcesBuildPhase section */
		07954FF4259BA2E7001CFAB9 /* Resources */ = {
			isa = PBXResourcesBuildPhase;
			buildActionMask = 2147483647;
			files = (
				0710571A259C55C300EC2B6E /* AuthenticationViewController.xib in Resources */,
				07955006259BA2EC001CFAB9 /* LaunchScreen.storyboard in Resources */,
				07955003259BA2EC001CFAB9 /* Assets.xcassets in Resources */,
				07955001259BA2E7001CFAB9 /* Main.storyboard in Resources */,
				0759826325BB50B00076639A /* Assets.xcassets in Resources */,
			);
			runOnlyForDeploymentPostprocessing = 0;
		};
		07955008259BA2EC001CFAB9 /* Resources */ = {
			isa = PBXResourcesBuildPhase;
			buildActionMask = 2147483647;
			files = (
				07955013259BA2EE001CFAB9 /* Assets.xcassets in Resources */,
				07955011259BA2EC001CFAB9 /* Interface.storyboard in Resources */,
			);
			runOnlyForDeploymentPostprocessing = 0;
		};
		07955017259BA2EE001CFAB9 /* Resources */ = {
			isa = PBXResourcesBuildPhase;
			buildActionMask = 2147483647;
			files = (
				0759825825BB50AE0076639A /* Assets.xcassets in Resources */,
				07955025259BA2F1001CFAB9 /* Assets.xcassets in Resources */,
			);
			runOnlyForDeploymentPostprocessing = 0;
		};
/* End PBXResourcesBuildPhase section */

/* Begin PBXShellScriptBuildPhase section */
		44BE34E7ABB359E001B43939 /* [CP] Embed Pods Frameworks */ = {
			isa = PBXShellScriptBuildPhase;
			buildActionMask = 2147483647;
			files = (
			);
			inputFileListPaths = (
				"${PODS_ROOT}/Target Support Files/Pods-InstaFeed WatchKit Extension/Pods-InstaFeed WatchKit Extension-frameworks-${CONFIGURATION}-input-files.xcfilelist",
			);
			name = "[CP] Embed Pods Frameworks";
			outputFileListPaths = (
				"${PODS_ROOT}/Target Support Files/Pods-InstaFeed WatchKit Extension/Pods-InstaFeed WatchKit Extension-frameworks-${CONFIGURATION}-output-files.xcfilelist",
			);
			runOnlyForDeploymentPostprocessing = 0;
			shellPath = /bin/sh;
			shellScript = "\"${PODS_ROOT}/Target Support Files/Pods-InstaFeed WatchKit Extension/Pods-InstaFeed WatchKit Extension-frameworks.sh\"\n";
			showEnvVarsInLog = 0;
		};
		47B086A79DEE90AD9DC8DA9E /* [CP] Check Pods Manifest.lock */ = {
			isa = PBXShellScriptBuildPhase;
			buildActionMask = 2147483647;
			files = (
			);
			inputFileListPaths = (
			);
			inputPaths = (
				"${PODS_PODFILE_DIR_PATH}/Podfile.lock",
				"${PODS_ROOT}/Manifest.lock",
			);
			name = "[CP] Check Pods Manifest.lock";
			outputFileListPaths = (
			);
			outputPaths = (
				"$(DERIVED_FILE_DIR)/Pods-InstaFeed WatchKit App-checkManifestLockResult.txt",
			);
			runOnlyForDeploymentPostprocessing = 0;
			shellPath = /bin/sh;
			shellScript = "diff \"${PODS_PODFILE_DIR_PATH}/Podfile.lock\" \"${PODS_ROOT}/Manifest.lock\" > /dev/null\nif [ $? != 0 ] ; then\n    # print error to STDERR\n    echo \"error: The sandbox is not in sync with the Podfile.lock. Run 'pod install' or update your CocoaPods installation.\" >&2\n    exit 1\nfi\n# This output is used by Xcode 'outputs' to avoid re-running this script phase.\necho \"SUCCESS\" > \"${SCRIPT_OUTPUT_FILE_0}\"\n";
			showEnvVarsInLog = 0;
		};
		AA08EEE6C41CCF1758784403 /* [CP] Embed Pods Frameworks */ = {
			isa = PBXShellScriptBuildPhase;
			buildActionMask = 2147483647;
			files = (
			);
			inputFileListPaths = (
				"${PODS_ROOT}/Target Support Files/Pods-InstaFeed/Pods-InstaFeed-frameworks-${CONFIGURATION}-input-files.xcfilelist",
			);
			name = "[CP] Embed Pods Frameworks";
			outputFileListPaths = (
				"${PODS_ROOT}/Target Support Files/Pods-InstaFeed/Pods-InstaFeed-frameworks-${CONFIGURATION}-output-files.xcfilelist",
			);
			runOnlyForDeploymentPostprocessing = 0;
			shellPath = /bin/sh;
			shellScript = "\"${PODS_ROOT}/Target Support Files/Pods-InstaFeed/Pods-InstaFeed-frameworks.sh\"\n";
			showEnvVarsInLog = 0;
		};
		D3C66E8038DAC3D45A660946 /* [CP] Check Pods Manifest.lock */ = {
			isa = PBXShellScriptBuildPhase;
			buildActionMask = 2147483647;
			files = (
			);
			inputFileListPaths = (
			);
			inputPaths = (
				"${PODS_PODFILE_DIR_PATH}/Podfile.lock",
				"${PODS_ROOT}/Manifest.lock",
			);
			name = "[CP] Check Pods Manifest.lock";
			outputFileListPaths = (
			);
			outputPaths = (
				"$(DERIVED_FILE_DIR)/Pods-InstaFeed-checkManifestLockResult.txt",
			);
			runOnlyForDeploymentPostprocessing = 0;
			shellPath = /bin/sh;
			shellScript = "diff \"${PODS_PODFILE_DIR_PATH}/Podfile.lock\" \"${PODS_ROOT}/Manifest.lock\" > /dev/null\nif [ $? != 0 ] ; then\n    # print error to STDERR\n    echo \"error: The sandbox is not in sync with the Podfile.lock. Run 'pod install' or update your CocoaPods installation.\" >&2\n    exit 1\nfi\n# This output is used by Xcode 'outputs' to avoid re-running this script phase.\necho \"SUCCESS\" > \"${SCRIPT_OUTPUT_FILE_0}\"\n";
			showEnvVarsInLog = 0;
		};
		ED9584B2A9DE6BC6D512E959 /* [CP] Check Pods Manifest.lock */ = {
			isa = PBXShellScriptBuildPhase;
			buildActionMask = 2147483647;
			files = (
			);
			inputFileListPaths = (
			);
			inputPaths = (
				"${PODS_PODFILE_DIR_PATH}/Podfile.lock",
				"${PODS_ROOT}/Manifest.lock",
			);
			name = "[CP] Check Pods Manifest.lock";
			outputFileListPaths = (
			);
			outputPaths = (
				"$(DERIVED_FILE_DIR)/Pods-InstaFeed WatchKit Extension-checkManifestLockResult.txt",
			);
			runOnlyForDeploymentPostprocessing = 0;
			shellPath = /bin/sh;
			shellScript = "diff \"${PODS_PODFILE_DIR_PATH}/Podfile.lock\" \"${PODS_ROOT}/Manifest.lock\" > /dev/null\nif [ $? != 0 ] ; then\n    # print error to STDERR\n    echo \"error: The sandbox is not in sync with the Podfile.lock. Run 'pod install' or update your CocoaPods installation.\" >&2\n    exit 1\nfi\n# This output is used by Xcode 'outputs' to avoid re-running this script phase.\necho \"SUCCESS\" > \"${SCRIPT_OUTPUT_FILE_0}\"\n";
			showEnvVarsInLog = 0;
		};
/* End PBXShellScriptBuildPhase section */

/* Begin PBXSourcesBuildPhase section */
		07954FF2259BA2E7001CFAB9 /* Sources */ = {
			isa = PBXSourcesBuildPhase;
			buildActionMask = 2147483647;
			files = (
				07105719259C55C300EC2B6E /* AuthenticationViewController.swift in Sources */,
				07954FFE259BA2E7001CFAB9 /* ViewController.swift in Sources */,
				07954FFA259BA2E7001CFAB9 /* AppDelegate.swift in Sources */,
				07954FFC259BA2E7001CFAB9 /* SceneDelegate.swift in Sources */,
			);
			runOnlyForDeploymentPostprocessing = 0;
		};
		07955015259BA2EE001CFAB9 /* Sources */ = {
			isa = PBXSourcesBuildPhase;
			buildActionMask = 2147483647;
			files = (
				07955021259BA2EE001CFAB9 /* ExtensionDelegate.swift in Sources */,
				0743720E25A4EC97008B4727 /* FollowRowController.swift in Sources */,
				07021BDF25A99024002DF62E /* MyFeedRowController.swift in Sources */,
				0795501F259BA2EE001CFAB9 /* InterfaceController.swift in Sources */,
				0700A5E725A8C9B200EDB72B /* FollowerController.swift in Sources */,
				07B4F51525BC052300ACE721 /* MyProfileInterfaceController.swift in Sources */,
				07955023259BA2EE001CFAB9 /* ComplicationController.swift in Sources */,
				07B4F50F25BB5BEE00ACE721 /* NoDataInterfaceController.swift in Sources */,
			);
			runOnlyForDeploymentPostprocessing = 0;
		};
/* End PBXSourcesBuildPhase section */

/* Begin PBXTargetDependency section */
		0795500D259BA2EC001CFAB9 /* PBXTargetDependency */ = {
			isa = PBXTargetDependency;
			target = 07955009259BA2EC001CFAB9 /* InstaFeed WatchKit App */;
			targetProxy = 0795500C259BA2EC001CFAB9 /* PBXContainerItemProxy */;
		};
		0795501C259BA2EE001CFAB9 /* PBXTargetDependency */ = {
			isa = PBXTargetDependency;
			target = 07955018259BA2EE001CFAB9 /* InstaFeed WatchKit Extension */;
			targetProxy = 0795501B259BA2EE001CFAB9 /* PBXContainerItemProxy */;
		};
/* End PBXTargetDependency section */

/* Begin PBXVariantGroup section */
		07954FFF259BA2E7001CFAB9 /* Main.storyboard */ = {
			isa = PBXVariantGroup;
			children = (
				07955000259BA2E7001CFAB9 /* Base */,
			);
			name = Main.storyboard;
			sourceTree = "<group>";
		};
		07955004259BA2EC001CFAB9 /* LaunchScreen.storyboard */ = {
			isa = PBXVariantGroup;
			children = (
				07955005259BA2EC001CFAB9 /* Base */,
			);
			name = LaunchScreen.storyboard;
			sourceTree = "<group>";
		};
		0795500F259BA2EC001CFAB9 /* Interface.storyboard */ = {
			isa = PBXVariantGroup;
			children = (
				07955010259BA2EC001CFAB9 /* Base */,
			);
			name = Interface.storyboard;
			sourceTree = "<group>";
		};
/* End PBXVariantGroup section */

/* Begin XCBuildConfiguration section */
		07955027259BA2F1001CFAB9 /* Debug */ = {
			isa = XCBuildConfiguration;
			buildSettings = {
				ALWAYS_SEARCH_USER_PATHS = NO;
				CLANG_ANALYZER_NONNULL = YES;
				CLANG_ANALYZER_NUMBER_OBJECT_CONVERSION = YES_AGGRESSIVE;
				CLANG_CXX_LANGUAGE_STANDARD = "gnu++14";
				CLANG_CXX_LIBRARY = "libc++";
				CLANG_ENABLE_MODULES = YES;
				CLANG_ENABLE_OBJC_ARC = YES;
				CLANG_ENABLE_OBJC_WEAK = YES;
				CLANG_WARN_BLOCK_CAPTURE_AUTORELEASING = YES;
				CLANG_WARN_BOOL_CONVERSION = YES;
				CLANG_WARN_COMMA = YES;
				CLANG_WARN_CONSTANT_CONVERSION = YES;
				CLANG_WARN_DEPRECATED_OBJC_IMPLEMENTATIONS = YES;
				CLANG_WARN_DIRECT_OBJC_ISA_USAGE = YES_ERROR;
				CLANG_WARN_DOCUMENTATION_COMMENTS = YES;
				CLANG_WARN_EMPTY_BODY = YES;
				CLANG_WARN_ENUM_CONVERSION = YES;
				CLANG_WARN_INFINITE_RECURSION = YES;
				CLANG_WARN_INT_CONVERSION = YES;
				CLANG_WARN_NON_LITERAL_NULL_CONVERSION = YES;
				CLANG_WARN_OBJC_IMPLICIT_RETAIN_SELF = YES;
				CLANG_WARN_OBJC_LITERAL_CONVERSION = YES;
				CLANG_WARN_OBJC_ROOT_CLASS = YES_ERROR;
				CLANG_WARN_QUOTED_INCLUDE_IN_FRAMEWORK_HEADER = YES;
				CLANG_WARN_RANGE_LOOP_ANALYSIS = YES;
				CLANG_WARN_STRICT_PROTOTYPES = YES;
				CLANG_WARN_SUSPICIOUS_MOVE = YES;
				CLANG_WARN_UNGUARDED_AVAILABILITY = YES_AGGRESSIVE;
				CLANG_WARN_UNREACHABLE_CODE = YES;
				CLANG_WARN__DUPLICATE_METHOD_MATCH = YES;
				COPY_PHASE_STRIP = NO;
				DEBUG_INFORMATION_FORMAT = dwarf;
				ENABLE_STRICT_OBJC_MSGSEND = YES;
				ENABLE_TESTABILITY = YES;
				GCC_C_LANGUAGE_STANDARD = gnu11;
				GCC_DYNAMIC_NO_PIC = NO;
				GCC_NO_COMMON_BLOCKS = YES;
				GCC_OPTIMIZATION_LEVEL = 0;
				GCC_PREPROCESSOR_DEFINITIONS = (
					"DEBUG=1",
					"$(inherited)",
				);
				GCC_WARN_64_TO_32_BIT_CONVERSION = YES;
				GCC_WARN_ABOUT_RETURN_TYPE = YES_ERROR;
				GCC_WARN_UNDECLARED_SELECTOR = YES;
				GCC_WARN_UNINITIALIZED_AUTOS = YES_AGGRESSIVE;
				GCC_WARN_UNUSED_FUNCTION = YES;
				GCC_WARN_UNUSED_VARIABLE = YES;
				MTL_ENABLE_DEBUG_INFO = INCLUDE_SOURCE;
				MTL_FAST_MATH = YES;
				ONLY_ACTIVE_ARCH = YES;
				SWIFT_ACTIVE_COMPILATION_CONDITIONS = DEBUG;
				SWIFT_OPTIMIZATION_LEVEL = "-Onone";
			};
			name = Debug;
		};
		07955028259BA2F1001CFAB9 /* Release */ = {
			isa = XCBuildConfiguration;
			buildSettings = {
				ALWAYS_SEARCH_USER_PATHS = NO;
				CLANG_ANALYZER_NONNULL = YES;
				CLANG_ANALYZER_NUMBER_OBJECT_CONVERSION = YES_AGGRESSIVE;
				CLANG_CXX_LANGUAGE_STANDARD = "gnu++14";
				CLANG_CXX_LIBRARY = "libc++";
				CLANG_ENABLE_MODULES = YES;
				CLANG_ENABLE_OBJC_ARC = YES;
				CLANG_ENABLE_OBJC_WEAK = YES;
				CLANG_WARN_BLOCK_CAPTURE_AUTORELEASING = YES;
				CLANG_WARN_BOOL_CONVERSION = YES;
				CLANG_WARN_COMMA = YES;
				CLANG_WARN_CONSTANT_CONVERSION = YES;
				CLANG_WARN_DEPRECATED_OBJC_IMPLEMENTATIONS = YES;
				CLANG_WARN_DIRECT_OBJC_ISA_USAGE = YES_ERROR;
				CLANG_WARN_DOCUMENTATION_COMMENTS = YES;
				CLANG_WARN_EMPTY_BODY = YES;
				CLANG_WARN_ENUM_CONVERSION = YES;
				CLANG_WARN_INFINITE_RECURSION = YES;
				CLANG_WARN_INT_CONVERSION = YES;
				CLANG_WARN_NON_LITERAL_NULL_CONVERSION = YES;
				CLANG_WARN_OBJC_IMPLICIT_RETAIN_SELF = YES;
				CLANG_WARN_OBJC_LITERAL_CONVERSION = YES;
				CLANG_WARN_OBJC_ROOT_CLASS = YES_ERROR;
				CLANG_WARN_QUOTED_INCLUDE_IN_FRAMEWORK_HEADER = YES;
				CLANG_WARN_RANGE_LOOP_ANALYSIS = YES;
				CLANG_WARN_STRICT_PROTOTYPES = YES;
				CLANG_WARN_SUSPICIOUS_MOVE = YES;
				CLANG_WARN_UNGUARDED_AVAILABILITY = YES_AGGRESSIVE;
				CLANG_WARN_UNREACHABLE_CODE = YES;
				CLANG_WARN__DUPLICATE_METHOD_MATCH = YES;
				COPY_PHASE_STRIP = NO;
				DEBUG_INFORMATION_FORMAT = "dwarf-with-dsym";
				ENABLE_NS_ASSERTIONS = NO;
				ENABLE_STRICT_OBJC_MSGSEND = YES;
				GCC_C_LANGUAGE_STANDARD = gnu11;
				GCC_NO_COMMON_BLOCKS = YES;
				GCC_WARN_64_TO_32_BIT_CONVERSION = YES;
				GCC_WARN_ABOUT_RETURN_TYPE = YES_ERROR;
				GCC_WARN_UNDECLARED_SELECTOR = YES;
				GCC_WARN_UNINITIALIZED_AUTOS = YES_AGGRESSIVE;
				GCC_WARN_UNUSED_FUNCTION = YES;
				GCC_WARN_UNUSED_VARIABLE = YES;
				MTL_ENABLE_DEBUG_INFO = NO;
				MTL_FAST_MATH = YES;
				SWIFT_COMPILATION_MODE = wholemodule;
				SWIFT_OPTIMIZATION_LEVEL = "-O";
			};
			name = Release;
		};
		0795502A259BA2F1001CFAB9 /* Debug */ = {
			isa = XCBuildConfiguration;
			baseConfigurationReference = F6694483325D9E78AFF0E2AB /* Pods-InstaFeed WatchKit Extension.debug.xcconfig */;
			buildSettings = {
				ASSETCATALOG_COMPILER_COMPLICATION_NAME = Complication;
				CODE_SIGN_ENTITLEMENTS = "InstaFeed WatchKit Extension/InstaFeed WatchKit Extension.entitlements";
				CODE_SIGN_STYLE = Automatic;
				DEVELOPMENT_TEAM = 542W8Z2VM3;
				INFOPLIST_FILE = "InstaFeed WatchKit Extension/Info.plist";
				LD_RUNPATH_SEARCH_PATHS = (
					"$(inherited)",
					"@executable_path/Frameworks",
					"@executable_path/../../Frameworks",
				);
				MARKETING_VERSION = 1.0.2;
				PRODUCT_BUNDLE_IDENTIFIER = com.hemalM.InstaFeed.watchkitapp.watchkitextension;
				PRODUCT_NAME = "${TARGET_NAME}";
				SDKROOT = watchos;
				SKIP_INSTALL = YES;
				SWIFT_VERSION = 5.0;
				TARGETED_DEVICE_FAMILY = 4;
				WATCHOS_DEPLOYMENT_TARGET = 6.0;
			};
			name = Debug;
		};
		0795502B259BA2F1001CFAB9 /* Release */ = {
			isa = XCBuildConfiguration;
			baseConfigurationReference = 007A7DE97CA12F17C5410D74 /* Pods-InstaFeed WatchKit Extension.release.xcconfig */;
			buildSettings = {
				ASSETCATALOG_COMPILER_COMPLICATION_NAME = Complication;
				CODE_SIGN_ENTITLEMENTS = "InstaFeed WatchKit Extension/InstaFeed WatchKit Extension.entitlements";
				CODE_SIGN_STYLE = Automatic;
				DEVELOPMENT_TEAM = 542W8Z2VM3;
				INFOPLIST_FILE = "InstaFeed WatchKit Extension/Info.plist";
				LD_RUNPATH_SEARCH_PATHS = (
					"$(inherited)",
					"@executable_path/Frameworks",
					"@executable_path/../../Frameworks",
				);
				MARKETING_VERSION = 1.0.2;
				PRODUCT_BUNDLE_IDENTIFIER = com.hemalM.InstaFeed.watchkitapp.watchkitextension;
				PRODUCT_NAME = "${TARGET_NAME}";
				SDKROOT = watchos;
				SKIP_INSTALL = YES;
				SWIFT_VERSION = 5.0;
				TARGETED_DEVICE_FAMILY = 4;
				VALIDATE_PRODUCT = YES;
				WATCHOS_DEPLOYMENT_TARGET = 6.0;
			};
			name = Release;
		};
		0795502E259BA2F1001CFAB9 /* Debug */ = {
			isa = XCBuildConfiguration;
			baseConfigurationReference = 9551EB2DD9998CBE6930EE4F /* Pods-InstaFeed WatchKit App.debug.xcconfig */;
			buildSettings = {
				ALWAYS_EMBED_SWIFT_STANDARD_LIBRARIES = YES;
				ASSETCATALOG_COMPILER_APPICON_NAME = AppIcon;
				ASSETCATALOG_COMPILER_GLOBAL_ACCENT_COLOR_NAME = AccentColor;
				CODE_SIGN_STYLE = Automatic;
				DEVELOPMENT_TEAM = 542W8Z2VM3;
				IBSC_MODULE = InstaFeed_WatchKit_Extension;
				INFOPLIST_FILE = "InstaFeed WatchKit App/Info.plist";
				MARKETING_VERSION = 1.0.2;
				PRODUCT_BUNDLE_IDENTIFIER = com.hemalM.InstaFeed.watchkitapp;
				PRODUCT_NAME = "$(TARGET_NAME)";
				SDKROOT = watchos;
				SKIP_INSTALL = YES;
				SWIFT_VERSION = 5.0;
				TARGETED_DEVICE_FAMILY = 4;
				WATCHOS_DEPLOYMENT_TARGET = 6.0;
			};
			name = Debug;
		};
		0795502F259BA2F1001CFAB9 /* Release */ = {
			isa = XCBuildConfiguration;
			baseConfigurationReference = D652A1EA837D1A9D02270C35 /* Pods-InstaFeed WatchKit App.release.xcconfig */;
			buildSettings = {
				ALWAYS_EMBED_SWIFT_STANDARD_LIBRARIES = YES;
				ASSETCATALOG_COMPILER_APPICON_NAME = AppIcon;
				ASSETCATALOG_COMPILER_GLOBAL_ACCENT_COLOR_NAME = AccentColor;
				CODE_SIGN_STYLE = Automatic;
				DEVELOPMENT_TEAM = 542W8Z2VM3;
				IBSC_MODULE = InstaFeed_WatchKit_Extension;
				INFOPLIST_FILE = "InstaFeed WatchKit App/Info.plist";
				MARKETING_VERSION = 1.0.2;
				PRODUCT_BUNDLE_IDENTIFIER = com.hemalM.InstaFeed.watchkitapp;
				PRODUCT_NAME = "$(TARGET_NAME)";
				SDKROOT = watchos;
				SKIP_INSTALL = YES;
				SWIFT_VERSION = 5.0;
				TARGETED_DEVICE_FAMILY = 4;
				VALIDATE_PRODUCT = YES;
				WATCHOS_DEPLOYMENT_TARGET = 6.0;
			};
			name = Release;
		};
		07955032259BA2F1001CFAB9 /* Debug */ = {
			isa = XCBuildConfiguration;
			baseConfigurationReference = 9A8D2EFF0FD4903347FB5216 /* Pods-InstaFeed.debug.xcconfig */;
			buildSettings = {
				ASSETCATALOG_COMPILER_APPICON_NAME = AppIcon;
				ASSETCATALOG_COMPILER_GLOBAL_ACCENT_COLOR_NAME = AccentColor;
				CODE_SIGN_ENTITLEMENTS = InstaFeed/InstaFeed.entitlements;
				CODE_SIGN_STYLE = Automatic;
				DEVELOPMENT_TEAM = 542W8Z2VM3;
				INFOPLIST_FILE = InstaFeed/Info.plist;
				IPHONEOS_DEPLOYMENT_TARGET = 13.0;
				LD_RUNPATH_SEARCH_PATHS = (
					"$(inherited)",
					"@executable_path/Frameworks",
				);
				MARKETING_VERSION = 1.0.2;
				PRODUCT_BUNDLE_IDENTIFIER = com.hemalM.InstaFeed;
				PRODUCT_NAME = "$(TARGET_NAME)";
				SDKROOT = iphoneos;
				SWIFT_VERSION = 5.0;
				TARGETED_DEVICE_FAMILY = "1,2";
			};
			name = Debug;
		};
		07955033259BA2F1001CFAB9 /* Release */ = {
			isa = XCBuildConfiguration;
			baseConfigurationReference = F3C954E113D657DF8650F091 /* Pods-InstaFeed.release.xcconfig */;
			buildSettings = {
				ASSETCATALOG_COMPILER_APPICON_NAME = AppIcon;
				ASSETCATALOG_COMPILER_GLOBAL_ACCENT_COLOR_NAME = AccentColor;
				CODE_SIGN_ENTITLEMENTS = InstaFeed/InstaFeed.entitlements;
				CODE_SIGN_STYLE = Automatic;
				DEVELOPMENT_TEAM = 542W8Z2VM3;
				INFOPLIST_FILE = InstaFeed/Info.plist;
				IPHONEOS_DEPLOYMENT_TARGET = 13.0;
				LD_RUNPATH_SEARCH_PATHS = (
					"$(inherited)",
					"@executable_path/Frameworks",
				);
				MARKETING_VERSION = 1.0.2;
				PRODUCT_BUNDLE_IDENTIFIER = com.hemalM.InstaFeed;
				PRODUCT_NAME = "$(TARGET_NAME)";
				SDKROOT = iphoneos;
				SWIFT_VERSION = 5.0;
				TARGETED_DEVICE_FAMILY = "1,2";
				VALIDATE_PRODUCT = YES;
			};
			name = Release;
		};
/* End XCBuildConfiguration section */

/* Begin XCConfigurationList section */
		07954FF1259BA2E7001CFAB9 /* Build configuration list for PBXProject "InstaFeed" */ = {
			isa = XCConfigurationList;
			buildConfigurations = (
				07955027259BA2F1001CFAB9 /* Debug */,
				07955028259BA2F1001CFAB9 /* Release */,
			);
			defaultConfigurationIsVisible = 0;
			defaultConfigurationName = Release;
		};
		07955029259BA2F1001CFAB9 /* Build configuration list for PBXNativeTarget "InstaFeed WatchKit Extension" */ = {
			isa = XCConfigurationList;
			buildConfigurations = (
				0795502A259BA2F1001CFAB9 /* Debug */,
				0795502B259BA2F1001CFAB9 /* Release */,
			);
			defaultConfigurationIsVisible = 0;
			defaultConfigurationName = Release;
		};
		0795502D259BA2F1001CFAB9 /* Build configuration list for PBXNativeTarget "InstaFeed WatchKit App" */ = {
			isa = XCConfigurationList;
			buildConfigurations = (
				0795502E259BA2F1001CFAB9 /* Debug */,
				0795502F259BA2F1001CFAB9 /* Release */,
			);
			defaultConfigurationIsVisible = 0;
			defaultConfigurationName = Release;
		};
		07955031259BA2F1001CFAB9 /* Build configuration list for PBXNativeTarget "InstaFeed" */ = {
			isa = XCConfigurationList;
			buildConfigurations = (
				07955032259BA2F1001CFAB9 /* Debug */,
				07955033259BA2F1001CFAB9 /* Release */,
			);
			defaultConfigurationIsVisible = 0;
			defaultConfigurationName = Release;
		};
/* End XCConfigurationList section */

/* Begin XCRemoteSwiftPackageReference section */
		07955037259BA3F2001CFAB9 /* XCRemoteSwiftPackageReference "Swiftagram" */ = {
			isa = XCRemoteSwiftPackageReference;
			repositoryURL = "https://github.com/sbertix/Swiftagram.git";
			requirement = {
				kind = upToNextMajorVersion;
				minimumVersion = 4.2.6;
			};
		};
/* End XCRemoteSwiftPackageReference section */

/* Begin XCSwiftPackageProductDependency section */
		0710571E259C5E1B00EC2B6E /* Swiftagram */ = {
			isa = XCSwiftPackageProductDependency;
			package = 07955037259BA3F2001CFAB9 /* XCRemoteSwiftPackageReference "Swiftagram" */;
			productName = Swiftagram;
		};
		07105720259C5E1B00EC2B6E /* SwiftagramCrypto */ = {
			isa = XCSwiftPackageProductDependency;
			package = 07955037259BA3F2001CFAB9 /* XCRemoteSwiftPackageReference "Swiftagram" */;
			productName = SwiftagramCrypto;
		};
		07955038259BA3F2001CFAB9 /* SwiftagramCrypto */ = {
			isa = XCSwiftPackageProductDependency;
			package = 07955037259BA3F2001CFAB9 /* XCRemoteSwiftPackageReference "Swiftagram" */;
			productName = SwiftagramCrypto;
		};
		0795503A259BA3F2001CFAB9 /* Swiftagram */ = {
			isa = XCSwiftPackageProductDependency;
			package = 07955037259BA3F2001CFAB9 /* XCRemoteSwiftPackageReference "Swiftagram" */;
			productName = Swiftagram;
		};
/* End XCSwiftPackageProductDependency section */
	};
	rootObject = 07954FEE259BA2E7001CFAB9 /* Project object */;
}
