PODS:
  - Alamofire (5.5.0)
  - Kingfisher (5.14.1):
    - Kingfisher/Core (= 5.14.1)
  - Kingfisher/Core (5.14.1)
  - SVProgressHUD (2.2.5)
  - SwiftWatchConnectivity (0.1.0)
  - VYAlertController (1.0.1)

DEPENDENCIES:
  - Alamofire
  - Kingfisher
  - SVProgressHUD
  - SwiftWatchConnectivity
  - VYAlertController

SPEC REPOS:
  trunk:
    - Alamofire
    - Kingfisher
    - SVProgressHUD
    - SwiftWatchConnectivity
    - VYAlertController

SPEC CHECKSUMS:
  Alamofire: 1c4fb5369c3fe93d2857c780d8bbe09f06f97e7c
  Kingfisher: 8050bc6f7f68cbf3908bd04df7ccbac188f6d6d6
  SVProgressHUD: 1428aafac632c1f86f62aa4243ec12008d7a51d6
  SwiftWatchConnectivity: 336eb865da6bcf104c82a1fd6406635bbf2c4bcb
  VYAlertController: b9368a46f3b024be74fc0182c65780e37847fefa

PODFILE CHECKSUM: f0ff7e11b66f2c46c827bf0a8e021d1e3f30f948

COCOAPODS: 1.11.2
